
Microsoft Visual Studio Solution File, Format Version 12.00
# Visual Studio Version 17
VisualStudioVersion = 17.7.34018.315
MinimumVisualStudioVersion = 10.0.40219.1
Project("{FAE04EC0-301F-11D3-BF4B-00C04F79EFBC}") = "CalculateLetterGrade", "CalculateLetterGrade\CalculateLetterGrade.csproj", "{B22DC984-2875-4016-9A80-BFDC64F43328}"
EndProject
Global
	GlobalSection(SolutionConfigurationPlatforms) = preSolution
		Debug|Any CPU = Debug|Any CPU
		Release|Any CPU = Release|Any CPU
	EndGlobalSection
	GlobalSection(ProjectConfigurationPlatforms) = postSolution
		{B22DC984-2875-4016-9A80-BFDC64F43328}.Debug|Any CPU.ActiveCfg = Debug|Any CPU
		{B22DC984-2875-4016-9A80-BFDC64F43328}.Debug|Any CPU.Build.0 = Debug|Any CPU
		{B22DC984-2875-4016-9A80-BFDC64F43328}.Release|Any CPU.ActiveCfg = Release|Any CPU
		{B22DC984-2875-4016-9A80-BFDC64F43328}.Release|Any CPU.Build.0 = Release|Any CPU
	EndGlobalSection
	GlobalSection(SolutionProperties) = preSolution
		HideSolutionNode = FALSE
	EndGlobalSection
	GlobalSection(ExtensibilityGlobals) = postSolution
		SolutionGuid = {C9C57F60-56D3-4A9E-9969-EB5CE39007DD}
	EndGlobalSection
EndGlobal
